
Microsoft Visual Studio Solution File, Format Version 12.00
# Visual Studio Version 16
VisualStudioVersion = 16.0.29519.87
MinimumVisualStudioVersion = 10.0.40219.1
Project("{9A19103F-16F7-4668-BE54-9A1E7A4F7556}") = "Mileage", "Mileage.csproj", "{F1FB2EF0-C6A5-4575-8A5F-883357B933B9}"
EndProject
Global
	GlobalSection(SolutionConfigurationPlatforms) = preSolution
		Debug|Any CPU = Debug|Any CPU
		Release|Any CPU = Release|Any CPU
	EndGlobalSection
	GlobalSection(ProjectConfigurationPlatforms) = postSolution
		{F1FB2EF0-C6A5-4575-8A5F-883357B933B9}.Debug|Any CPU.ActiveCfg = Debug|Any CPU
		{F1FB2EF0-C6A5-4575-8A5F-883357B933B9}.Debug|Any CPU.Build.0 = Debug|Any CPU
		{F1FB2EF0-C6A5-4575-8A5F-883357B933B9}.Release|Any CPU.ActiveCfg = Release|Any CPU
		{F1FB2EF0-C6A5-4575-8A5F-883357B933B9}.Release|Any CPU.Build.0 = Release|Any CPU
	EndGlobalSection
	GlobalSection(SolutionProperties) = preSolution
		HideSolutionNode = FALSE
	EndGlobalSection
	GlobalSection(ExtensibilityGlobals) = postSolution
		SolutionGuid = {31CF33B1-10DB-4F2B-85A5-293434552128}
	EndGlobalSection
EndGlobal
