
Microsoft Visual Studio Solution File, Format Version 12.00
# Visual Studio Version 16
VisualStudioVersion = 16.0.29201.188
MinimumVisualStudioVersion = 10.0.40219.1
Project("{FAE04EC0-301F-11D3-BF4B-00C04F79EFBC}") = "TruckerTracker", "TruckerTracker\TruckerTracker.csproj", "{3A77E537-0108-42AE-9F34-22E2384520DA}"
EndProject
Global
	GlobalSection(SolutionConfigurationPlatforms) = preSolution
		Debug|Any CPU = Debug|Any CPU
		Release|Any CPU = Release|Any CPU
	EndGlobalSection
	GlobalSection(ProjectConfigurationPlatforms) = postSolution
		{3A77E537-0108-42AE-9F34-22E2384520DA}.Debug|Any CPU.ActiveCfg = Debug|Any CPU
		{3A77E537-0108-42AE-9F34-22E2384520DA}.Debug|Any CPU.Build.0 = Debug|Any CPU
		{3A77E537-0108-42AE-9F34-22E2384520DA}.Release|Any CPU.ActiveCfg = Release|Any CPU
		{3A77E537-0108-42AE-9F34-22E2384520DA}.Release|Any CPU.Build.0 = Release|Any CPU
	EndGlobalSection
	GlobalSection(SolutionProperties) = preSolution
		HideSolutionNode = FALSE
	EndGlobalSection
	GlobalSection(ExtensibilityGlobals) = postSolution
		SolutionGuid = {70389579-16B5-4901-8495-FAAA99053E30}
	EndGlobalSection
EndGlobal
